
Microsoft Visual Studio Solution File, Format Version 12.00
# Visual Studio 15
VisualStudioVersion = 15.0.28010.2046
MinimumVisualStudioVersion = 10.0.40219.1
Project("{FAE04EC0-301F-11D3-BF4B-00C04F79EFBC}") = "WS1", "WS1\WS1.csproj", "{8E5B42B2-7931-4C86-B511-1D70C92CE918}"
EndProject
Global
	GlobalSection(SolutionConfigurationPlatforms) = preSolution
		Debug|Any CPU = Debug|Any CPU
		Release|Any CPU = Release|Any CPU
	EndGlobalSection
	GlobalSection(ProjectConfigurationPlatforms) = postSolution
		{8E5B42B2-7931-4C86-B511-1D70C92CE918}.Debug|Any CPU.ActiveCfg = Debug|Any CPU
		{8E5B42B2-7931-4C86-B511-1D70C92CE918}.Debug|Any CPU.Build.0 = Debug|Any CPU
		{8E5B42B2-7931-4C86-B511-1D70C92CE918}.Release|Any CPU.ActiveCfg = Release|Any CPU
		{8E5B42B2-7931-4C86-B511-1D70C92CE918}.Release|Any CPU.Build.0 = Release|Any CPU
	EndGlobalSection
	GlobalSection(SolutionProperties) = preSolution
		HideSolutionNode = FALSE
	EndGlobalSection
	GlobalSection(ExtensibilityGlobals) = postSolution
		SolutionGuid = {3FDE023A-375F-427E-9751-8812240C6B87}
	EndGlobalSection
EndGlobal
